
Microsoft Visual Studio Solution File, Format Version 12.00
# Visual Studio Version 17
VisualStudioVersion = 17.5.33502.453
MinimumVisualStudioVersion = 10.0.40219.1
Project("{FAE04EC0-301F-11D3-BF4B-00C04F79EFBC}") = "Kitchen-helper", "Kitchen-helper\Kitchen-helper.csproj", "{F791F1C3-789A-4119-91F4-C733B0A56BFE}"
EndProject
Global
	GlobalSection(SolutionConfigurationPlatforms) = preSolution
		Debug|Any CPU = Debug|Any CPU
		Release|Any CPU = Release|Any CPU
	EndGlobalSection
	GlobalSection(ProjectConfigurationPlatforms) = postSolution
		{F791F1C3-789A-4119-91F4-C733B0A56BFE}.Debug|Any CPU.ActiveCfg = Debug|Any CPU
		{F791F1C3-789A-4119-91F4-C733B0A56BFE}.Debug|Any CPU.Build.0 = Debug|Any CPU
		{F791F1C3-789A-4119-91F4-C733B0A56BFE}.Release|Any CPU.ActiveCfg = Release|Any CPU
		{F791F1C3-789A-4119-91F4-C733B0A56BFE}.Release|Any CPU.Build.0 = Release|Any CPU
	EndGlobalSection
	GlobalSection(SolutionProperties) = preSolution
		HideSolutionNode = FALSE
	EndGlobalSection
	GlobalSection(ExtensibilityGlobals) = postSolution
		SolutionGuid = {54371930-B4ED-49E7-9F6A-F911B6E60EA2}
	EndGlobalSection
EndGlobal
